
Microsoft Visual Studio Solution File, Format Version 12.00
# Visual Studio 14
VisualStudioVersion = 14.0.25420.1
MinimumVisualStudioVersion = 10.0.40219.1
Project("{88A30576-7583-4F75-8136-5EFD2C14ADFF}") = "CrmPackage", "CrmPackage\CrmPackage.csproj", "{96E89C66-F30F-4FD8-B1BB-3C2A3B92B362}"
	ProjectSection(ProjectDependencies) = postProject
		{7A710BE0-E3CB-4F20-B8AB-A827823BDE15} = {7A710BE0-E3CB-4F20-B8AB-A827823BDE15}
	EndProjectSection
EndProject
Project("{FAE04EC0-301F-11D3-BF4B-00C04F79EFBC}") = "DXTools.ScheduledProcess.Workflows", "DXTools.ScheduledProcess.Workflows\DXTools.ScheduledProcess.Workflows.csproj", "{7A710BE0-E3CB-4F20-B8AB-A827823BDE15}"
EndProject
Global
	GlobalSection(SolutionConfigurationPlatforms) = preSolution
		Debug|Any CPU = Debug|Any CPU
		Release|Any CPU = Release|Any CPU
	EndGlobalSection
	GlobalSection(ProjectConfigurationPlatforms) = postSolution
		{96E89C66-F30F-4FD8-B1BB-3C2A3B92B362}.Debug|Any CPU.ActiveCfg = Debug|Any CPU
		{96E89C66-F30F-4FD8-B1BB-3C2A3B92B362}.Debug|Any CPU.Build.0 = Debug|Any CPU
		{96E89C66-F30F-4FD8-B1BB-3C2A3B92B362}.Debug|Any CPU.Deploy.0 = Debug|Any CPU
		{96E89C66-F30F-4FD8-B1BB-3C2A3B92B362}.Release|Any CPU.ActiveCfg = Release|Any CPU
		{96E89C66-F30F-4FD8-B1BB-3C2A3B92B362}.Release|Any CPU.Build.0 = Release|Any CPU
		{96E89C66-F30F-4FD8-B1BB-3C2A3B92B362}.Release|Any CPU.Deploy.0 = Release|Any CPU
		{7A710BE0-E3CB-4F20-B8AB-A827823BDE15}.Debug|Any CPU.ActiveCfg = Debug|Any CPU
		{7A710BE0-E3CB-4F20-B8AB-A827823BDE15}.Debug|Any CPU.Build.0 = Debug|Any CPU
		{7A710BE0-E3CB-4F20-B8AB-A827823BDE15}.Release|Any CPU.ActiveCfg = Release|Any CPU
		{7A710BE0-E3CB-4F20-B8AB-A827823BDE15}.Release|Any CPU.Build.0 = Release|Any CPU
	EndGlobalSection
	GlobalSection(SolutionProperties) = preSolution
		HideSolutionNode = FALSE
	EndGlobalSection
	GlobalSection(CRMSolutionProperties) = preSolution
		SolutionIsBoundToCRM = True
	EndGlobalSection
EndGlobal
